
Microsoft Visual Studio Solution File, Format Version 12.00
# Visual Studio Version 16
VisualStudioVersion = 16.0.30413.136
MinimumVisualStudioVersion = 10.0.40219.1
Project("{8BC9CEB8-8B4A-11D0-8D11-00A0C91BC942}") = "lab6", "lab6\lab6.vcxproj", "{DE8D0D5F-B22A-47D1-B296-69557D52CFFB}"
EndProject
Global
	GlobalSection(SolutionConfigurationPlatforms) = preSolution
		Debug|x64 = Debug|x64
		Debug|x86 = Debug|x86
		Release|x64 = Release|x64
		Release|x86 = Release|x86
	EndGlobalSection
	GlobalSection(ProjectConfigurationPlatforms) = postSolution
		{DE8D0D5F-B22A-47D1-B296-69557D52CFFB}.Debug|x64.ActiveCfg = Debug|x64
		{DE8D0D5F-B22A-47D1-B296-69557D52CFFB}.Debug|x64.Build.0 = Debug|x64
		{DE8D0D5F-B22A-47D1-B296-69557D52CFFB}.Debug|x86.ActiveCfg = Debug|Win32
		{DE8D0D5F-B22A-47D1-B296-69557D52CFFB}.Debug|x86.Build.0 = Debug|Win32
		{DE8D0D5F-B22A-47D1-B296-69557D52CFFB}.Release|x64.ActiveCfg = Release|x64
		{DE8D0D5F-B22A-47D1-B296-69557D52CFFB}.Release|x64.Build.0 = Release|x64
		{DE8D0D5F-B22A-47D1-B296-69557D52CFFB}.Release|x86.ActiveCfg = Release|Win32
		{DE8D0D5F-B22A-47D1-B296-69557D52CFFB}.Release|x86.Build.0 = Release|Win32
	EndGlobalSection
	GlobalSection(SolutionProperties) = preSolution
		HideSolutionNode = FALSE
	EndGlobalSection
	GlobalSection(ExtensibilityGlobals) = postSolution
		SolutionGuid = {4FF48065-C707-47A1-815D-5818A4CB059F}
	EndGlobalSection
EndGlobal
